
Microsoft Visual Studio Solution File, Format Version 11.00
# Visual Studio 2010
Project("{FAE04EC0-301F-11D3-BF4B-00C04F79EFBC}") = "DepressionGame", "Assembly-CSharp-firstpass.csproj", "{90AB8B7B-FD86-17F9-5D72-7B0D3B2A77DE}"
EndProject
Project("{FAE04EC0-301F-11D3-BF4B-00C04F79EFBC}") = "DepressionGame", "Assembly-CSharp-Editor-firstpass.csproj", "{C62CC020-7155-4E4C-201F-D06655EF2FCE}"
EndProject
Global
	GlobalSection(SolutionConfigurationPlatforms) = preSolution
		Debug|Any CPU = Debug|Any CPU
		Release|Any CPU = Release|Any CPU
	EndGlobalSection
	GlobalSection(ProjectConfigurationPlatforms) = postSolution
		{90AB8B7B-FD86-17F9-5D72-7B0D3B2A77DE}.Debug|Any CPU.ActiveCfg = Debug|Any CPU
		{90AB8B7B-FD86-17F9-5D72-7B0D3B2A77DE}.Debug|Any CPU.Build.0 = Debug|Any CPU
		{90AB8B7B-FD86-17F9-5D72-7B0D3B2A77DE}.Release|Any CPU.ActiveCfg = Release|Any CPU
		{90AB8B7B-FD86-17F9-5D72-7B0D3B2A77DE}.Release|Any CPU.Build.0 = Release|Any CPU
		{C62CC020-7155-4E4C-201F-D06655EF2FCE}.Debug|Any CPU.ActiveCfg = Debug|Any CPU
		{C62CC020-7155-4E4C-201F-D06655EF2FCE}.Debug|Any CPU.Build.0 = Debug|Any CPU
		{C62CC020-7155-4E4C-201F-D06655EF2FCE}.Release|Any CPU.ActiveCfg = Release|Any CPU
		{C62CC020-7155-4E4C-201F-D06655EF2FCE}.Release|Any CPU.Build.0 = Release|Any CPU
	EndGlobalSection
	GlobalSection(SolutionProperties) = preSolution
		HideSolutionNode = FALSE
	EndGlobalSection
	GlobalSection(MonoDevelopProperties) = preSolution
		StartupItem = Assembly-CSharp.csproj
	EndGlobalSection
EndGlobal
